
Microsoft Visual Studio Solution File, Format Version 12.00
# Visual Studio 15
VisualStudioVersion = 15.0.28307.645
MinimumVisualStudioVersion = 10.0.40219.1
Project("{888888A0-9F3D-457C-B088-3A5042F75D52}") = "NotepadChat", "NotepadChat\NotepadChat.pyproj", "{21C216B6-7ACD-4A8F-B1F0-B9228061E1A5}"
EndProject
Global
	GlobalSection(SolutionConfigurationPlatforms) = preSolution
		Debug|Any CPU = Debug|Any CPU
		Release|Any CPU = Release|Any CPU
	EndGlobalSection
	GlobalSection(ProjectConfigurationPlatforms) = postSolution
		{21C216B6-7ACD-4A8F-B1F0-B9228061E1A5}.Debug|Any CPU.ActiveCfg = Debug|Any CPU
		{21C216B6-7ACD-4A8F-B1F0-B9228061E1A5}.Release|Any CPU.ActiveCfg = Release|Any CPU
	EndGlobalSection
	GlobalSection(SolutionProperties) = preSolution
		HideSolutionNode = FALSE
	EndGlobalSection
	GlobalSection(ExtensibilityGlobals) = postSolution
		SolutionGuid = {7D7B4040-530B-4436-8F59-3DC588FFC364}
	EndGlobalSection
EndGlobal
